
Microsoft Visual Studio Solution File, Format Version 12.00
# Visual Studio Version 17
VisualStudioVersion = 17.6.33801.468
MinimumVisualStudioVersion = 10.0.40219.1
Project("{FAE04EC0-301F-11D3-BF4B-00C04F79EFBC}") = "Esercizio-5-ADVANCES_C--.NET", "Esercizio-5-ADVANCES_C--.NET\Esercizio-5-ADVANCES_C--.NET.csproj", "{453C7EC3-D98B-45B1-86E3-B9742F432B8D}"
EndProject
Global
	GlobalSection(SolutionConfigurationPlatforms) = preSolution
		Debug|Any CPU = Debug|Any CPU
		Release|Any CPU = Release|Any CPU
	EndGlobalSection
	GlobalSection(ProjectConfigurationPlatforms) = postSolution
		{453C7EC3-D98B-45B1-86E3-B9742F432B8D}.Debug|Any CPU.ActiveCfg = Debug|Any CPU
		{453C7EC3-D98B-45B1-86E3-B9742F432B8D}.Debug|Any CPU.Build.0 = Debug|Any CPU
		{453C7EC3-D98B-45B1-86E3-B9742F432B8D}.Release|Any CPU.ActiveCfg = Release|Any CPU
		{453C7EC3-D98B-45B1-86E3-B9742F432B8D}.Release|Any CPU.Build.0 = Release|Any CPU
	EndGlobalSection
	GlobalSection(SolutionProperties) = preSolution
		HideSolutionNode = FALSE
	EndGlobalSection
	GlobalSection(ExtensibilityGlobals) = postSolution
		SolutionGuid = {2D6B6FD3-8508-4C33-94BA-9E0FD65BD874}
	EndGlobalSection
EndGlobal
